// !$*UTF8*$!
{
	archiveVersion = 1;
	classes = {
	};
	objectVersion = 46;
	objects = {

/* Begin PBXBuildFile section */
		C75A14B01C9D25AF0082589F /* abt.cpp in Sources */ = {isa = PBXBuildFile; fileRef = C75A14AB1C9D25AF0082589F /* abt.cpp */; };
		C75A14B11C9D25AF0082589F /* gbn.cpp in Sources */ = {isa = PBXBuildFile; fileRef = C75A14AC1C9D25AF0082589F /* gbn.cpp */; };
		C75A14B21C9D25AF0082589F /* simulator.cpp in Sources */ = {isa = PBXBuildFile; fileRef = C75A14AD1C9D25AF0082589F /* simulator.cpp */; };
		C75A14B31C9D25AF0082589F /* sr.cpp in Sources */ = {isa = PBXBuildFile; fileRef = C75A14AF1C9D25AF0082589F /* sr.cpp */; };
/* End PBXBuildFile section */

/* Begin PBXCopyFilesBuildPhase section */
		C7D98A8D1C9D1C18000DA74D /* CopyFiles */ = {
			isa = PBXCopyFilesBuildPhase;
			buildActionMask = 2147483647;
			dstPath = /usr/share/man/man1/;
			dstSubfolderSpec = 0;
			files = (
			);
			runOnlyForDeploymentPostprocessing = 1;
		};
/* End PBXCopyFilesBuildPhase section */

/* Begin PBXFileReference section */
		C75A14AB1C9D25AF0082589F /* abt.cpp */ = {isa = PBXFileReference; fileEncoding = 4; lastKnownFileType = sourcecode.cpp.cpp; path = abt.cpp; sourceTree = "<group>"; };
		C75A14AC1C9D25AF0082589F /* gbn.cpp */ = {isa = PBXFileReference; fileEncoding = 4; lastKnownFileType = sourcecode.cpp.cpp; path = gbn.cpp; sourceTree = "<group>"; };
		C75A14AD1C9D25AF0082589F /* simulator.cpp */ = {isa = PBXFileReference; fileEncoding = 4; lastKnownFileType = sourcecode.cpp.cpp; path = simulator.cpp; sourceTree = "<group>"; };
		C75A14AE1C9D25AF0082589F /* simulator.h */ = {isa = PBXFileReference; fileEncoding = 4; lastKnownFileType = sourcecode.c.h; path = simulator.h; sourceTree = "<group>"; };
		C75A14AF1C9D25AF0082589F /* sr.cpp */ = {isa = PBXFileReference; fileEncoding = 4; lastKnownFileType = sourcecode.cpp.cpp; path = sr.cpp; sourceTree = "<group>"; };
		C7D98A8F1C9D1C18000DA74D /* RDT */ = {isa = PBXFileReference; explicitFileType = "compiled.mach-o.executable"; includeInIndex = 0; path = RDT; sourceTree = BUILT_PRODUCTS_DIR; };
/* End PBXFileReference section */

/* Begin PBXFrameworksBuildPhase section */
		C7D98A8C1C9D1C18000DA74D /* Frameworks */ = {
			isa = PBXFrameworksBuildPhase;
			buildActionMask = 2147483647;
			files = (
			);
			runOnlyForDeploymentPostprocessing = 0;
		};
/* End PBXFrameworksBuildPhase section */

/* Begin PBXGroup section */
		C7D98A861C9D1C18000DA74D = {
			isa = PBXGroup;
			children = (
				C7D98A911C9D1C18000DA74D /* RDT */,
				C7D98A901C9D1C18000DA74D /* Products */,
			);
			sourceTree = "<group>";
		};
		C7D98A901C9D1C18000DA74D /* Products */ = {
			isa = PBXGroup;
			children = (
				C7D98A8F1C9D1C18000DA74D /* RDT */,
			);
			name = Products;
			sourceTree = "<group>";
		};
		C7D98A911C9D1C18000DA74D /* RDT */ = {
			isa = PBXGroup;
			children = (
				C75A14AB1C9D25AF0082589F /* abt.cpp */,
				C75A14AC1C9D25AF0082589F /* gbn.cpp */,
				C75A14AF1C9D25AF0082589F /* sr.cpp */,
				C75A14AD1C9D25AF0082589F /* simulator.cpp */,
				C75A14AE1C9D25AF0082589F /* simulator.h */,
			);
			path = RDT;
			sourceTree = "<group>";
		};
/* End PBXGroup section */

/* Begin PBXNativeTarget section */
		C7D98A8E1C9D1C18000DA74D /* RDT */ = {
			isa = PBXNativeTarget;
			buildConfigurationList = C7D98A961C9D1C18000DA74D /* Build configuration list for PBXNativeTarget "RDT" */;
			buildPhases = (
				C7D98A8B1C9D1C18000DA74D /* Sources */,
				C7D98A8C1C9D1C18000DA74D /* Frameworks */,
				C7D98A8D1C9D1C18000DA74D /* CopyFiles */,
			);
			buildRules = (
			);
			dependencies = (
			);
			name = RDT;
			productName = RDT;
			productReference = C7D98A8F1C9D1C18000DA74D /* RDT */;
			productType = "com.apple.product-type.tool";
		};
/* End PBXNativeTarget section */

/* Begin PBXProject section */
		C7D98A871C9D1C18000DA74D /* Project object */ = {
			isa = PBXProject;
			attributes = {
				LastUpgradeCheck = 0720;
				ORGANIZATIONNAME = Gautam;
				TargetAttributes = {
					C7D98A8E1C9D1C18000DA74D = {
						CreatedOnToolsVersion = 7.2.1;
					};
				};
			};
			buildConfigurationList = C7D98A8A1C9D1C18000DA74D /* Build configuration list for PBXProject "RDT" */;
			compatibilityVersion = "Xcode 3.2";
			developmentRegion = English;
			hasScannedForEncodings = 0;
			knownRegions = (
				en,
			);
			mainGroup = C7D98A861C9D1C18000DA74D;
			productRefGroup = C7D98A901C9D1C18000DA74D /* Products */;
			projectDirPath = "";
			projectRoot = "";
			targets = (
				C7D98A8E1C9D1C18000DA74D /* RDT */,
			);
		};
/* End PBXProject section */

/* Begin PBXSourcesBuildPhase section */
		C7D98A8B1C9D1C18000DA74D /* Sources */ = {
			isa = PBXSourcesBuildPhase;
			buildActionMask = 2147483647;
			files = (
				C75A14B31C9D25AF0082589F /* sr.cpp in Sources */,
				C75A14B21C9D25AF0082589F /* simulator.cpp in Sources */,
				C75A14B01C9D25AF0082589F /* abt.cpp in Sources */,
				C75A14B11C9D25AF0082589F /* gbn.cpp in Sources */,
			);
			runOnlyForDeploymentPostprocessing = 0;
		};
/* End PBXSourcesBuildPhase section */

/* Begin XCBuildConfiguration section */
		C7D98A941C9D1C18000DA74D /* Debug */ = {
			isa = XCBuildConfiguration;
			buildSettings = {
				ALWAYS_SEARCH_USER_PATHS = NO;
				CLANG_CXX_LANGUAGE_STANDARD = "gnu++0x";
				CLANG_CXX_LIBRARY = "libc++";
				CLANG_ENABLE_MODULES = YES;
				CLANG_ENABLE_OBJC_ARC = YES;
				CLANG_WARN_BOOL_CONVERSION = YES;
				CLANG_WARN_CONSTANT_CONVERSION = YES;
				CLANG_WARN_DIRECT_OBJC_ISA_USAGE = YES_ERROR;
				CLANG_WARN_EMPTY_BODY = YES;
				CLANG_WARN_ENUM_CONVERSION = YES;
				CLANG_WARN_INT_CONVERSION = YES;
				CLANG_WARN_OBJC_ROOT_CLASS = YES_ERROR;
				CLANG_WARN_UNREACHABLE_CODE = YES;
				CLANG_WARN__DUPLICATE_METHOD_MATCH = YES;
				CODE_SIGN_IDENTITY = "-";
				COPY_PHASE_STRIP = NO;
				DEBUG_INFORMATION_FORMAT = dwarf;
				ENABLE_STRICT_OBJC_MSGSEND = YES;
				ENABLE_TESTABILITY = YES;
				GCC_C_LANGUAGE_STANDARD = gnu99;
				GCC_DYNAMIC_NO_PIC = NO;
				GCC_NO_COMMON_BLOCKS = YES;
				GCC_OPTIMIZATION_LEVEL = 0;
				GCC_PREPROCESSOR_DEFINITIONS = (
					"DEBUG=1",
					"$(inherited)",
				);
				GCC_WARN_64_TO_32_BIT_CONVERSION = YES;
				GCC_WARN_ABOUT_RETURN_TYPE = YES_ERROR;
				GCC_WARN_UNDECLARED_SELECTOR = YES;
				GCC_WARN_UNINITIALIZED_AUTOS = YES_AGGRESSIVE;
				GCC_WARN_UNUSED_FUNCTION = YES;
				GCC_WARN_UNUSED_VARIABLE = YES;
				MACOSX_DEPLOYMENT_TARGET = 10.11;
				MTL_ENABLE_DEBUG_INFO = YES;
				ONLY_ACTIVE_ARCH = YES;
				SDKROOT = macosx;
			};
			name = Debug;
		};
		C7D98A951C9D1C18000DA74D /* Release */ = {
			isa = XCBuildConfiguration;
			buildSettings = {
				ALWAYS_SEARCH_USER_PATHS = NO;
				CLANG_CXX_LANGUAGE_STANDARD = "gnu++0x";
				CLANG_CXX_LIBRARY = "libc++";
				CLANG_ENABLE_MODULES = YES;
				CLANG_ENABLE_OBJC_ARC = YES;
				CLANG_WARN_BOOL_CONVERSION = YES;
				CLANG_WARN_CONSTANT_CONVERSION = YES;
				CLANG_WARN_DIRECT_OBJC_ISA_USAGE = YES_ERROR;
				CLANG_WARN_EMPTY_BODY = YES;
				CLANG_WARN_ENUM_CONVERSION = YES;
				CLANG_WARN_INT_CONVERSION = YES;
				CLANG_WARN_OBJC_ROOT_CLASS = YES_ERROR;
				CLANG_WARN_UNREACHABLE_CODE = YES;
				CLANG_WARN__DUPLICATE_METHOD_MATCH = YES;
				CODE_SIGN_IDENTITY = "-";
				COPY_PHASE_STRIP = NO;
				DEBUG_INFORMATION_FORMAT = "dwarf-with-dsym";
				ENABLE_NS_ASSERTIONS = NO;
				ENABLE_STRICT_OBJC_MSGSEND = YES;
				GCC_C_LANGUAGE_STANDARD = gnu99;
				GCC_NO_COMMON_BLOCKS = YES;
				GCC_WARN_64_TO_32_BIT_CONVERSION = YES;
				GCC_WARN_ABOUT_RETURN_TYPE = YES_ERROR;
				GCC_WARN_UNDECLARED_SELECTOR = YES;
				GCC_WARN_UNINITIALIZED_AUTOS = YES_AGGRESSIVE;
				GCC_WARN_UNUSED_FUNCTION = YES;
				GCC_WARN_UNUSED_VARIABLE = YES;
				MACOSX_DEPLOYMENT_TARGET = 10.11;
				MTL_ENABLE_DEBUG_INFO = NO;
				SDKROOT = macosx;
			};
			name = Release;
		};
		C7D98A971C9D1C18000DA74D /* Debug */ = {
			isa = XCBuildConfiguration;
			buildSettings = {
				PRODUCT_NAME = "$(TARGET_NAME)";
			};
			name = Debug;
		};
		C7D98A981C9D1C18000DA74D /* Release */ = {
			isa = XCBuildConfiguration;
			buildSettings = {
				PRODUCT_NAME = "$(TARGET_NAME)";
			};
			name = Release;
		};
/* End XCBuildConfiguration section */

/* Begin XCConfigurationList section */
		C7D98A8A1C9D1C18000DA74D /* Build configuration list for PBXProject "RDT" */ = {
			isa = XCConfigurationList;
			buildConfigurations = (
				C7D98A941C9D1C18000DA74D /* Debug */,
				C7D98A951C9D1C18000DA74D /* Release */,
			);
			defaultConfigurationIsVisible = 0;
			defaultConfigurationName = Release;
		};
		C7D98A961C9D1C18000DA74D /* Build configuration list for PBXNativeTarget "RDT" */ = {
			isa = XCConfigurationList;
			buildConfigurations = (
				C7D98A971C9D1C18000DA74D /* Debug */,
				C7D98A981C9D1C18000DA74D /* Release */,
			);
			defaultConfigurationIsVisible = 0;
			defaultConfigurationName = Release;
		};
/* End XCConfigurationList section */
	};
	rootObject = C7D98A871C9D1C18000DA74D /* Project object */;
}
